# THIS IS AN AUTOGENERATED FILE. DO NOT EDIT THIS FILE DIRECTLY.
# yarn lockfile v1


aws-jwt-verify@^3.4.0:
  version "3.4.0"
  resolved "https://registry.yarnpkg.com/aws-jwt-verify/-/aws-jwt-verify-3.4.0.tgz#64830790c27a71fe5a52ee0270460fa8e025bbad"
  integrity sha512-GmcJZ3jd3adDvVpiAY5S223z1Bz+fOfqHpOdRnDJFeS5Kt5ERggdUPa3PmHdsO/tYaqrkl3Tm15frLa84sQ8Mw==
